
Microsoft Visual Studio Solution File, Format Version 12.00
# Visual Studio Version 17
VisualStudioVersion = 17.0.31903.59
MinimumVisualStudioVersion = 10.0.40219.1
Project("{2150E333-8FDC-42A3-9474-1A3956D46DE8}") = "01-esercitazioni", "01-esercitazioni", "{BFF5E3B5-736C-405C-9544-13706D7E0444}"
EndProject
Project("{FAE04EC0-301F-11D3-BF4B-00C04F79EFBC}") = "Assaignment Strutture Dati", "01-esercitazioni\Assaignment Strutture Dati\Assaignment Strutture Dati.csproj", "{28A9536C-D698-4416-9D4F-4A72E697613A}"
EndProject
Global
	GlobalSection(SolutionConfigurationPlatforms) = preSolution
		Debug|Any CPU = Debug|Any CPU
		Release|Any CPU = Release|Any CPU
	EndGlobalSection
	GlobalSection(SolutionProperties) = preSolution
		HideSolutionNode = FALSE
	EndGlobalSection
	GlobalSection(ProjectConfigurationPlatforms) = postSolution
		{28A9536C-D698-4416-9D4F-4A72E697613A}.Debug|Any CPU.ActiveCfg = Debug|Any CPU
		{28A9536C-D698-4416-9D4F-4A72E697613A}.Debug|Any CPU.Build.0 = Debug|Any CPU
		{28A9536C-D698-4416-9D4F-4A72E697613A}.Release|Any CPU.ActiveCfg = Release|Any CPU
		{28A9536C-D698-4416-9D4F-4A72E697613A}.Release|Any CPU.Build.0 = Release|Any CPU
	EndGlobalSection
	GlobalSection(NestedProjects) = preSolution
		{28A9536C-D698-4416-9D4F-4A72E697613A} = {BFF5E3B5-736C-405C-9544-13706D7E0444}
	EndGlobalSection
EndGlobal
